
Microsoft Visual Studio Solution File, Format Version 12.00
# Visual Studio Version 17
VisualStudioVersion = 17.1.32210.238
MinimumVisualStudioVersion = 10.0.40219.1
Project("{FAE04EC0-301F-11D3-BF4B-00C04F79EFBC}") = "TicTacToe_console", "TicTacToe_console\TicTacToe_console.csproj", "{870C9CC0-02C0-41CE-9761-377435877EB7}"
EndProject
Global
	GlobalSection(SolutionConfigurationPlatforms) = preSolution
		Debug|Any CPU = Debug|Any CPU
		Release|Any CPU = Release|Any CPU
	EndGlobalSection
	GlobalSection(ProjectConfigurationPlatforms) = postSolution
		{870C9CC0-02C0-41CE-9761-377435877EB7}.Debug|Any CPU.ActiveCfg = Debug|Any CPU
		{870C9CC0-02C0-41CE-9761-377435877EB7}.Debug|Any CPU.Build.0 = Debug|Any CPU
		{870C9CC0-02C0-41CE-9761-377435877EB7}.Release|Any CPU.ActiveCfg = Release|Any CPU
		{870C9CC0-02C0-41CE-9761-377435877EB7}.Release|Any CPU.Build.0 = Release|Any CPU
	EndGlobalSection
	GlobalSection(SolutionProperties) = preSolution
		HideSolutionNode = FALSE
	EndGlobalSection
	GlobalSection(ExtensibilityGlobals) = postSolution
		SolutionGuid = {D545E5B7-69A9-42A6-965F-797D54601AA4}
	EndGlobalSection
EndGlobal
